Microsoft Visual Studio Solution File, Format Version 11.00
# Visual Studio 2008

Project("{F3AA2801-B558-E6EA-70F2-59ECDE7C44E2}") = "FeedTheAnimals", "Assembly-CSharp.csproj", "{CC5ACC7F-DA11-1458-0505-B583437AC04F}"
EndProject
Project("{F3AA2801-B558-E6EA-70F2-59ECDE7C44E2}") = "FeedTheAnimals", "Assembly-CSharp-Editor.csproj", "{920A8ADC-BF50-D9BC-83D8-9711ADB9CD62}"
EndProject
Global
	GlobalSection(SolutionConfigurationPlatforms) = preSolution
		Debug|Any CPU = Debug|Any CPU
		Release|Any CPU = Release|Any CPU
	EndGlobalSection
	GlobalSection(ProjectConfigurationPlatforms) = postSolution
		{CC5ACC7F-DA11-1458-0505-B583437AC04F}.Debug|Any CPU.ActiveCfg = Debug|Any CPU
		{CC5ACC7F-DA11-1458-0505-B583437AC04F}.Debug|Any CPU.Build.0 = Debug|Any CPU
		{CC5ACC7F-DA11-1458-0505-B583437AC04F}.Release|Any CPU.ActiveCfg = Release|Any CPU
		{CC5ACC7F-DA11-1458-0505-B583437AC04F}.Release|Any CPU.Build.0 = Release|Any CPU
		{920A8ADC-BF50-D9BC-83D8-9711ADB9CD62}.Debug|Any CPU.ActiveCfg = Debug|Any CPU
		{920A8ADC-BF50-D9BC-83D8-9711ADB9CD62}.Debug|Any CPU.Build.0 = Debug|Any CPU
		{920A8ADC-BF50-D9BC-83D8-9711ADB9CD62}.Release|Any CPU.ActiveCfg = Release|Any CPU
		{920A8ADC-BF50-D9BC-83D8-9711ADB9CD62}.Release|Any CPU.Build.0 = Release|Any CPU
	EndGlobalSection
	GlobalSection(SolutionProperties) = preSolution
		HideSolutionNode = FALSE
	EndGlobalSection
	GlobalSection(MonoDevelopProperties) = preSolution
		StartupItem = Assembly-CSharp.csproj
	EndGlobalSection
EndGlobal
